
Microsoft Visual Studio Solution File, Format Version 12.00
# Visual Studio Version 17
VisualStudioVersion = 17.0.31612.314
MinimumVisualStudioVersion = 10.0.40219.1
Project("{9A19103F-16F7-4668-BE54-9A1E7A4F7556}") = "Repository.Abstractions", "src\Abstractions\Repository.Abstractions.csproj", "{78F93716-48AA-45CA-B0A7-0658F4E0B533}"
EndProject
Project("{9A19103F-16F7-4668-BE54-9A1E7A4F7556}") = "Repository.EntityFrameworkCore", "src\EntityFrameworkCore\Repository.EntityFrameworkCore.csproj", "{31DD5F9C-C26A-4E25-83A4-AD2A84B8F1E5}"
EndProject
Project("{9A19103F-16F7-4668-BE54-9A1E7A4F7556}") = "Repository.MongoDB", "src\MongoDB\Repository.MongoDB.csproj", "{DA55B1A5-0206-49DE-B0B7-46C180330360}"
EndProject
Project("{2150E333-8FDC-42A3-9474-1A3956D46DE8}") = "Solution Items", "Solution Items", "{BC9ED776-B30D-450D-96F1-AF7C7EC418EC}"
	ProjectSection(SolutionItems) = preProject
		.editorconfig = .editorconfig
		.gitignore = .gitignore
		LICENSE = LICENSE
		README.md = README.md
	EndProjectSection
EndProject
Global
	GlobalSection(SolutionConfigurationPlatforms) = preSolution
		Debug|Any CPU = Debug|Any CPU
		Release|Any CPU = Release|Any CPU
	EndGlobalSection
	GlobalSection(ProjectConfigurationPlatforms) = postSolution
		{78F93716-48AA-45CA-B0A7-0658F4E0B533}.Debug|Any CPU.ActiveCfg = Debug|Any CPU
		{78F93716-48AA-45CA-B0A7-0658F4E0B533}.Debug|Any CPU.Build.0 = Debug|Any CPU
		{78F93716-48AA-45CA-B0A7-0658F4E0B533}.Release|Any CPU.ActiveCfg = Release|Any CPU
		{78F93716-48AA-45CA-B0A7-0658F4E0B533}.Release|Any CPU.Build.0 = Release|Any CPU
		{31DD5F9C-C26A-4E25-83A4-AD2A84B8F1E5}.Debug|Any CPU.ActiveCfg = Debug|Any CPU
		{31DD5F9C-C26A-4E25-83A4-AD2A84B8F1E5}.Debug|Any CPU.Build.0 = Debug|Any CPU
		{31DD5F9C-C26A-4E25-83A4-AD2A84B8F1E5}.Release|Any CPU.ActiveCfg = Release|Any CPU
		{31DD5F9C-C26A-4E25-83A4-AD2A84B8F1E5}.Release|Any CPU.Build.0 = Release|Any CPU
		{DA55B1A5-0206-49DE-B0B7-46C180330360}.Debug|Any CPU.ActiveCfg = Debug|Any CPU
		{DA55B1A5-0206-49DE-B0B7-46C180330360}.Debug|Any CPU.Build.0 = Debug|Any CPU
		{DA55B1A5-0206-49DE-B0B7-46C180330360}.Release|Any CPU.ActiveCfg = Release|Any CPU
		{DA55B1A5-0206-49DE-B0B7-46C180330360}.Release|Any CPU.Build.0 = Release|Any CPU
	EndGlobalSection
	GlobalSection(SolutionProperties) = preSolution
		HideSolutionNode = FALSE
	EndGlobalSection
	GlobalSection(ExtensibilityGlobals) = postSolution
		SolutionGuid = {B210D46C-1E6F-4780-BD53-211113C3BD6E}
	EndGlobalSection
EndGlobal
